
Microsoft Visual Studio Solution File, Format Version 12.00
# Visual Studio Version 16
VisualStudioVersion = 16.0.30204.135
MinimumVisualStudioVersion = 10.0.40219.1
Project("{FAE04EC0-301F-11D3-BF4B-00C04F79EFBC}") = "Constructor", "Constructor.csproj", "{330C2581-8BE4-4964-8C9D-27FDDF496E3A}"
EndProject
Global
	GlobalSection(SolutionConfigurationPlatforms) = preSolution
		Debug|Any CPU = Debug|Any CPU
		Release|Any CPU = Release|Any CPU
	EndGlobalSection
	GlobalSection(ProjectConfigurationPlatforms) = postSolution
		{330C2581-8BE4-4964-8C9D-27FDDF496E3A}.Debug|Any CPU.ActiveCfg = Debug|Any CPU
		{330C2581-8BE4-4964-8C9D-27FDDF496E3A}.Debug|Any CPU.Build.0 = Debug|Any CPU
		{330C2581-8BE4-4964-8C9D-27FDDF496E3A}.Release|Any CPU.ActiveCfg = Release|Any CPU
		{330C2581-8BE4-4964-8C9D-27FDDF496E3A}.Release|Any CPU.Build.0 = Release|Any CPU
	EndGlobalSection
	GlobalSection(SolutionProperties) = preSolution
		HideSolutionNode = FALSE
	EndGlobalSection
	GlobalSection(ExtensibilityGlobals) = postSolution
		SolutionGuid = {3D0D58D7-BAEA-4757-9BB6-1BCBA64FE156}
	EndGlobalSection
EndGlobal
