
Microsoft Visual Studio Solution File, Format Version 12.00
# Visual Studio Version 16
VisualStudioVersion = 16.0.30204.135
MinimumVisualStudioVersion = 10.0.40219.1
Project("{FAE04EC0-301F-11D3-BF4B-00C04F79EFBC}") = "BankApplication", "BankApplication.csproj", "{CFB92E9C-558A-4829-88C4-F5F85ECB72F2}"
EndProject
Global
	GlobalSection(SolutionConfigurationPlatforms) = preSolution
		Debug|Any CPU = Debug|Any CPU
		Release|Any CPU = Release|Any CPU
	EndGlobalSection
	GlobalSection(ProjectConfigurationPlatforms) = postSolution
		{CFB92E9C-558A-4829-88C4-F5F85ECB72F2}.Debug|Any CPU.ActiveCfg = Debug|Any CPU
		{CFB92E9C-558A-4829-88C4-F5F85ECB72F2}.Debug|Any CPU.Build.0 = Debug|Any CPU
		{CFB92E9C-558A-4829-88C4-F5F85ECB72F2}.Release|Any CPU.ActiveCfg = Release|Any CPU
		{CFB92E9C-558A-4829-88C4-F5F85ECB72F2}.Release|Any CPU.Build.0 = Release|Any CPU
	EndGlobalSection
	GlobalSection(SolutionProperties) = preSolution
		HideSolutionNode = FALSE
	EndGlobalSection
	GlobalSection(ExtensibilityGlobals) = postSolution
		SolutionGuid = {EE5C4126-4F7B-4E7D-B00E-D383597DD616}
	EndGlobalSection
EndGlobal
